
Microsoft Visual Studio Solution File, Format Version 12.00
# Visual Studio Version 16
VisualStudioVersion = 16.0.32413.511
MinimumVisualStudioVersion = 10.0.40219.1
Project("{FAE04EC0-301F-11D3-BF4B-00C04F79EFBC}") = "LocalDB", "LocalDB\LocalDB.csproj", "{5F3A301F-191D-4E75-A1B5-4808D3D01AE8}"
EndProject
Global
	GlobalSection(SolutionConfigurationPlatforms) = preSolution
		Debug|Any CPU = Debug|Any CPU
		Release|Any CPU = Release|Any CPU
	EndGlobalSection
	GlobalSection(ProjectConfigurationPlatforms) = postSolution
		{5F3A301F-191D-4E75-A1B5-4808D3D01AE8}.Debug|Any CPU.ActiveCfg = Debug|Any CPU
		{5F3A301F-191D-4E75-A1B5-4808D3D01AE8}.Debug|Any CPU.Build.0 = Debug|Any CPU
		{5F3A301F-191D-4E75-A1B5-4808D3D01AE8}.Release|Any CPU.ActiveCfg = Release|Any CPU
		{5F3A301F-191D-4E75-A1B5-4808D3D01AE8}.Release|Any CPU.Build.0 = Release|Any CPU
	EndGlobalSection
	GlobalSection(SolutionProperties) = preSolution
		HideSolutionNode = FALSE
	EndGlobalSection
	GlobalSection(ExtensibilityGlobals) = postSolution
		SolutionGuid = {08A3AD2B-4ACE-4721-A080-8957AE701DB9}
	EndGlobalSection
EndGlobal
